// !$*UTF8*$!
{
	archiveVersion = 1;
	classes = {
	};
	objectVersion = 56;
	objects = {

/* Begin PBXBuildFile section */
		21C35549298A4DBB00DFEA86 /* SwiftUI_First_ProjectApp.swift in Sources */ = {isa = PBXBuildFile; fileRef = 21C35548298A4DBB00DFEA86 /* SwiftUI_First_ProjectApp.swift */; };
		21C3554B298A4DBB00DFEA86 /* ContentView.swift in Sources */ = {isa = PBXBuildFile; fileRef = 21C3554A298A4DBB00DFEA86 /* ContentView.swift */; };
		21C3554D298A4DBD00DFEA86 /* Assets.xcassets in Resources */ = {isa = PBXBuildFile; fileRef = 21C3554C298A4DBD00DFEA86 /* Assets.xcassets */; };
		21C35550298A4DBD00DFEA86 /* Preview Assets.xcassets in Resources */ = {isa = PBXBuildFile; fileRef = 21C3554F298A4DBD00DFEA86 /* Preview Assets.xcassets */; };
		21C3555A298A4DBD00DFEA86 /* SwiftUI_First_ProjectTests.swift in Sources */ = {isa = PBXBuildFile; fileRef = 21C35559298A4DBD00DFEA86 /* SwiftUI_First_ProjectTests.swift */; };
		21C35564298A4DBD00DFEA86 /* SwiftUI_First_ProjectUITests.swift in Sources */ = {isa = PBXBuildFile; fileRef = 21C35563298A4DBD00DFEA86 /* SwiftUI_First_ProjectUITests.swift */; };
		21C35566298A4DBD00DFEA86 /* SwiftUI_First_ProjectUITestsLaunchTests.swift in Sources */ = {isa = PBXBuildFile; fileRef = 21C35565298A4DBD00DFEA86 /* SwiftUI_First_ProjectUITestsLaunchTests.swift */; };
		21C35573298A60C700DFEA86 /* foodCellView.swift in Sources */ = {isa = PBXBuildFile; fileRef = 21C35572298A60C700DFEA86 /* foodCellView.swift */; };
		21C35575298A642800DFEA86 /* Image_Resizing.swift in Sources */ = {isa = PBXBuildFile; fileRef = 21C35574298A642800DFEA86 /* Image_Resizing.swift */; };
		21C35577298A6CD400DFEA86 /* foodContentDetailsView.swift in Sources */ = {isa = PBXBuildFile; fileRef = 21C35576298A6CD400DFEA86 /* foodContentDetailsView.swift */; };
/* End PBXBuildFile section */

/* Begin PBXContainerItemProxy section */
		21C35556298A4DBD00DFEA86 /* PBXContainerItemProxy */ = {
			isa = PBXContainerItemProxy;
			containerPortal = 21C3553D298A4DBB00DFEA86 /* Project object */;
			proxyType = 1;
			remoteGlobalIDString = 21C35544298A4DBB00DFEA86;
			remoteInfo = SwiftUI_First_Project;
		};
		21C35560298A4DBD00DFEA86 /* PBXContainerItemProxy */ = {
			isa = PBXContainerItemProxy;
			containerPortal = 21C3553D298A4DBB00DFEA86 /* Project object */;
			proxyType = 1;
			remoteGlobalIDString = 21C35544298A4DBB00DFEA86;
			remoteInfo = SwiftUI_First_Project;
		};
/* End PBXContainerItemProxy section */

/* Begin PBXFileReference section */
		21C35545298A4DBB00DFEA86 /* SwiftUI_First_Project.app */ = {isa = PBXFileReference; explicitFileType = wrapper.application; includeInIndex = 0; path = SwiftUI_First_Project.app; sourceTree = BUILT_PRODUCTS_DIR; };
		21C35548298A4DBB00DFEA86 /* SwiftUI_First_ProjectApp.swift */ = {isa = PBXFileReference; lastKnownFileType = sourcecode.swift; path = SwiftUI_First_ProjectApp.swift; sourceTree = "<group>"; };
		21C3554A298A4DBB00DFEA86 /* ContentView.swift */ = {isa = PBXFileReference; lastKnownFileType = sourcecode.swift; path = ContentView.swift; sourceTree = "<group>"; };
		21C3554C298A4DBD00DFEA86 /* Assets.xcassets */ = {isa = PBXFileReference; lastKnownFileType = folder.assetcatalog; path = Assets.xcassets; sourceTree = "<group>"; };
		21C3554F298A4DBD00DFEA86 /* Preview Assets.xcassets */ = {isa = PBXFileReference; lastKnownFileType = folder.assetcatalog; path = "Preview Assets.xcassets"; sourceTree = "<group>"; };
		21C35555298A4DBD00DFEA86 /* SwiftUI_First_ProjectTests.xctest */ = {isa = PBXFileReference; explicitFileType = wrapper.cfbundle; includeInIndex = 0; path = SwiftUI_First_ProjectTests.xctest; sourceTree = BUILT_PRODUCTS_DIR; };
		21C35559298A4DBD00DFEA86 /* SwiftUI_First_ProjectTests.swift */ = {isa = PBXFileReference; lastKnownFileType = sourcecode.swift; path = SwiftUI_First_ProjectTests.swift; sourceTree = "<group>"; };
		21C3555F298A4DBD00DFEA86 /* SwiftUI_First_ProjectUITests.xctest */ = {isa = PBXFileReference; explicitFileType = wrapper.cfbundle; includeInIndex = 0; path = SwiftUI_First_ProjectUITests.xctest; sourceTree = BUILT_PRODUCTS_DIR; };
		21C35563298A4DBD00DFEA86 /* SwiftUI_First_ProjectUITests.swift */ = {isa = PBXFileReference; lastKnownFileType = sourcecode.swift; path = SwiftUI_First_ProjectUITests.swift; sourceTree = "<group>"; };
		21C35565298A4DBD00DFEA86 /* SwiftUI_First_ProjectUITestsLaunchTests.swift */ = {isa = PBXFileReference; lastKnownFileType = sourcecode.swift; path = SwiftUI_First_ProjectUITestsLaunchTests.swift; sourceTree = "<group>"; };
		21C35572298A60C700DFEA86 /* foodCellView.swift */ = {isa = PBXFileReference; lastKnownFileType = sourcecode.swift; path = foodCellView.swift; sourceTree = "<group>"; };
		21C35574298A642800DFEA86 /* Image_Resizing.swift */ = {isa = PBXFileReference; lastKnownFileType = sourcecode.swift; path = Image_Resizing.swift; sourceTree = "<group>"; };
		21C35576298A6CD400DFEA86 /* foodContentDetailsView.swift */ = {isa = PBXFileReference; lastKnownFileType = sourcecode.swift; path = foodContentDetailsView.swift; sourceTree = "<group>"; };
/* End PBXFileReference section */

/* Begin PBXFrameworksBuildPhase section */
		21C35542298A4DBB00DFEA86 /* Frameworks */ = {
			isa = PBXFrameworksBuildPhase;
			buildActionMask = 2147483647;
			files = (
			);
			runOnlyForDeploymentPostprocessing = 0;
		};
		21C35552298A4DBD00DFEA86 /* Frameworks */ = {
			isa = PBXFrameworksBuildPhase;
			buildActionMask = 2147483647;
			files = (
			);
			runOnlyForDeploymentPostprocessing = 0;
		};
		21C3555C298A4DBD00DFEA86 /* Frameworks */ = {
			isa = PBXFrameworksBuildPhase;
			buildActionMask = 2147483647;
			files = (
			);
			runOnlyForDeploymentPostprocessing = 0;
		};
/* End PBXFrameworksBuildPhase section */

/* Begin PBXGroup section */
		21C3553C298A4DBB00DFEA86 = {
			isa = PBXGroup;
			children = (
				21C35547298A4DBB00DFEA86 /* SwiftUI_First_Project */,
				21C35558298A4DBD00DFEA86 /* SwiftUI_First_ProjectTests */,
				21C35562298A4DBD00DFEA86 /* SwiftUI_First_ProjectUITests */,
				21C35546298A4DBB00DFEA86 /* Products */,
			);
			sourceTree = "<group>";
		};
		21C35546298A4DBB00DFEA86 /* Products */ = {
			isa = PBXGroup;
			children = (
				21C35545298A4DBB00DFEA86 /* SwiftUI_First_Project.app */,
				21C35555298A4DBD00DFEA86 /* SwiftUI_First_ProjectTests.xctest */,
				21C3555F298A4DBD00DFEA86 /* SwiftUI_First_ProjectUITests.xctest */,
			);
			name = Products;
			sourceTree = "<group>";
		};
		21C35547298A4DBB00DFEA86 /* SwiftUI_First_Project */ = {
			isa = PBXGroup;
			children = (
				21C35548298A4DBB00DFEA86 /* SwiftUI_First_ProjectApp.swift */,
				21C3554A298A4DBB00DFEA86 /* ContentView.swift */,
				21C35572298A60C700DFEA86 /* foodCellView.swift */,
				21C35574298A642800DFEA86 /* Image_Resizing.swift */,
				21C35576298A6CD400DFEA86 /* foodContentDetailsView.swift */,
				21C3554C298A4DBD00DFEA86 /* Assets.xcassets */,
				21C3554E298A4DBD00DFEA86 /* Preview Content */,
			);
			path = SwiftUI_First_Project;
			sourceTree = "<group>";
		};
		21C3554E298A4DBD00DFEA86 /* Preview Content */ = {
			isa = PBXGroup;
			children = (
				21C3554F298A4DBD00DFEA86 /* Preview Assets.xcassets */,
			);
			path = "Preview Content";
			sourceTree = "<group>";
		};
		21C35558298A4DBD00DFEA86 /* SwiftUI_First_ProjectTests */ = {
			isa = PBXGroup;
			children = (
				21C35559298A4DBD00DFEA86 /* SwiftUI_First_ProjectTests.swift */,
			);
			path = SwiftUI_First_ProjectTests;
			sourceTree = "<group>";
		};
		21C35562298A4DBD00DFEA86 /* SwiftUI_First_ProjectUITests */ = {
			isa = PBXGroup;
			children = (
				21C35563298A4DBD00DFEA86 /* SwiftUI_First_ProjectUITests.swift */,
				21C35565298A4DBD00DFEA86 /* SwiftUI_First_ProjectUITestsLaunchTests.swift */,
			);
			path = SwiftUI_First_ProjectUITests;
			sourceTree = "<group>";
		};
/* End PBXGroup section */

/* Begin PBXNativeTarget section */
		21C35544298A4DBB00DFEA86 /* SwiftUI_First_Project */ = {
			isa = PBXNativeTarget;
			buildConfigurationList = 21C35569298A4DBD00DFEA86 /* Build configuration list for PBXNativeTarget "SwiftUI_First_Project" */;
			buildPhases = (
				21C35541298A4DBB00DFEA86 /* Sources */,
				21C35542298A4DBB00DFEA86 /* Frameworks */,
				21C35543298A4DBB00DFEA86 /* Resources */,
			);
			buildRules = (
			);
			dependencies = (
			);
			name = SwiftUI_First_Project;
			productName = SwiftUI_First_Project;
			productReference = 21C35545298A4DBB00DFEA86 /* SwiftUI_First_Project.app */;
			productType = "com.apple.product-type.application";
		};
		21C35554298A4DBD00DFEA86 /* SwiftUI_First_ProjectTests */ = {
			isa = PBXNativeTarget;
			buildConfigurationList = 21C3556C298A4DBD00DFEA86 /* Build configuration list for PBXNativeTarget "SwiftUI_First_ProjectTests" */;
			buildPhases = (
				21C35551298A4DBD00DFEA86 /* Sources */,
				21C35552298A4DBD00DFEA86 /* Frameworks */,
				21C35553298A4DBD00DFEA86 /* Resources */,
			);
			buildRules = (
			);
			dependencies = (
				21C35557298A4DBD00DFEA86 /* PBXTargetDependency */,
			);
			name = SwiftUI_First_ProjectTests;
			productName = SwiftUI_First_ProjectTests;
			productReference = 21C35555298A4DBD00DFEA86 /* SwiftUI_First_ProjectTests.xctest */;
			productType = "com.apple.product-type.bundle.unit-test";
		};
		21C3555E298A4DBD00DFEA86 /* SwiftUI_First_ProjectUITests */ = {
			isa = PBXNativeTarget;
			buildConfigurationList = 21C3556F298A4DBD00DFEA86 /* Build configuration list for PBXNativeTarget "SwiftUI_First_ProjectUITests" */;
			buildPhases = (
				21C3555B298A4DBD00DFEA86 /* Sources */,
				21C3555C298A4DBD00DFEA86 /* Frameworks */,
				21C3555D298A4DBD00DFEA86 /* Resources */,
			);
			buildRules = (
			);
			dependencies = (
				21C35561298A4DBD00DFEA86 /* PBXTargetDependency */,
			);
			name = SwiftUI_First_ProjectUITests;
			productName = SwiftUI_First_ProjectUITests;
			productReference = 21C3555F298A4DBD00DFEA86 /* SwiftUI_First_ProjectUITests.xctest */;
			productType = "com.apple.product-type.bundle.ui-testing";
		};
/* End PBXNativeTarget section */

/* Begin PBXProject section */
		21C3553D298A4DBB00DFEA86 /* Project object */ = {
			isa = PBXProject;
			attributes = {
				BuildIndependentTargetsInParallel = 1;
				LastSwiftUpdateCheck = 1420;
				LastUpgradeCheck = 1420;
				TargetAttributes = {
					21C35544298A4DBB00DFEA86 = {
						CreatedOnToolsVersion = 14.2;
					};
					21C35554298A4DBD00DFEA86 = {
						CreatedOnToolsVersion = 14.2;
						TestTargetID = 21C35544298A4DBB00DFEA86;
					};
					21C3555E298A4DBD00DFEA86 = {
						CreatedOnToolsVersion = 14.2;
						TestTargetID = 21C35544298A4DBB00DFEA86;
					};
				};
			};
			buildConfigurationList = 21C35540298A4DBB00DFEA86 /* Build configuration list for PBXProject "SwiftUI_First_Project" */;
			compatibilityVersion = "Xcode 14.0";
			developmentRegion = en;
			hasScannedForEncodings = 0;
			knownRegions = (
				en,
				Base,
			);
			mainGroup = 21C3553C298A4DBB00DFEA86;
			productRefGroup = 21C35546298A4DBB00DFEA86 /* Products */;
			projectDirPath = "";
			projectRoot = "";
			targets = (
				21C35544298A4DBB00DFEA86 /* SwiftUI_First_Project */,
				21C35554298A4DBD00DFEA86 /* SwiftUI_First_ProjectTests */,
				21C3555E298A4DBD00DFEA86 /* SwiftUI_First_ProjectUITests */,
			);
		};
/* End PBXProject section */

/* Begin PBXResourcesBuildPhase section */
		21C35543298A4DBB00DFEA86 /* Resources */ = {
			isa = PBXResourcesBuildPhase;
			buildActionMask = 2147483647;
			files = (
				21C35550298A4DBD00DFEA86 /* Preview Assets.xcassets in Resources */,
				21C3554D298A4DBD00DFEA86 /* Assets.xcassets in Resources */,
			);
			runOnlyForDeploymentPostprocessing = 0;
		};
		21C35553298A4DBD00DFEA86 /* Resources */ = {
			isa = PBXResourcesBuildPhase;
			buildActionMask = 2147483647;
			files = (
			);
			runOnlyForDeploymentPostprocessing = 0;
		};
		21C3555D298A4DBD00DFEA86 /* Resources */ = {
			isa = PBXResourcesBuildPhase;
			buildActionMask = 2147483647;
			files = (
			);
			runOnlyForDeploymentPostprocessing = 0;
		};
/* End PBXResourcesBuildPhase section */

/* Begin PBXSourcesBuildPhase section */
		21C35541298A4DBB00DFEA86 /* Sources */ = {
			isa = PBXSourcesBuildPhase;
			buildActionMask = 2147483647;
			files = (
				21C35575298A642800DFEA86 /* Image_Resizing.swift in Sources */,
				21C3554B298A4DBB00DFEA86 /* ContentView.swift in Sources */,
				21C35549298A4DBB00DFEA86 /* SwiftUI_First_ProjectApp.swift in Sources */,
				21C35573298A60C700DFEA86 /* foodCellView.swift in Sources */,
				21C35577298A6CD400DFEA86 /* foodContentDetailsView.swift in Sources */,
			);
			runOnlyForDeploymentPostprocessing = 0;
		};
		21C35551298A4DBD00DFEA86 /* Sources */ = {
			isa = PBXSourcesBuildPhase;
			buildActionMask = 2147483647;
			files = (
				21C3555A298A4DBD00DFEA86 /* SwiftUI_First_ProjectTests.swift in Sources */,
			);
			runOnlyForDeploymentPostprocessing = 0;
		};
		21C3555B298A4DBD00DFEA86 /* Sources */ = {
			isa = PBXSourcesBuildPhase;
			buildActionMask = 2147483647;
			files = (
				21C35564298A4DBD00DFEA86 /* SwiftUI_First_ProjectUITests.swift in Sources */,
				21C35566298A4DBD00DFEA86 /* SwiftUI_First_ProjectUITestsLaunchTests.swift in Sources */,
			);
			runOnlyForDeploymentPostprocessing = 0;
		};
/* End PBXSourcesBuildPhase section */

/* Begin PBXTargetDependency section */
		21C35557298A4DBD00DFEA86 /* PBXTargetDependency */ = {
			isa = PBXTargetDependency;
			target = 21C35544298A4DBB00DFEA86 /* SwiftUI_First_Project */;
			targetProxy = 21C35556298A4DBD00DFEA86 /* PBXContainerItemProxy */;
		};
		21C35561298A4DBD00DFEA86 /* PBXTargetDependency */ = {
			isa = PBXTargetDependency;
			target = 21C35544298A4DBB00DFEA86 /* SwiftUI_First_Project */;
			targetProxy = 21C35560298A4DBD00DFEA86 /* PBXContainerItemProxy */;
		};
/* End PBXTargetDependency section */

/* Begin XCBuildConfiguration section */
		21C35567298A4DBD00DFEA86 /* Debug */ = {
			isa = XCBuildConfiguration;
			buildSettings = {
				ALWAYS_SEARCH_USER_PATHS = NO;
				CLANG_ANALYZER_NONNULL = YES;
				CLANG_ANALYZER_NUMBER_OBJECT_CONVERSION = YES_AGGRESSIVE;
				CLANG_CXX_LANGUAGE_STANDARD = "gnu++20";
				CLANG_ENABLE_MODULES = YES;
				CLANG_ENABLE_OBJC_ARC = YES;
				CLANG_ENABLE_OBJC_WEAK = YES;
				CLANG_WARN_BLOCK_CAPTURE_AUTORELEASING = YES;
				CLANG_WARN_BOOL_CONVERSION = YES;
				CLANG_WARN_COMMA = YES;
				CLANG_WARN_CONSTANT_CONVERSION = YES;
				CLANG_WARN_DEPRECATED_OBJC_IMPLEMENTATIONS = YES;
				CLANG_WARN_DIRECT_OBJC_ISA_USAGE = YES_ERROR;
				CLANG_WARN_DOCUMENTATION_COMMENTS = YES;
				CLANG_WARN_EMPTY_BODY = YES;
				CLANG_WARN_ENUM_CONVERSION = YES;
				CLANG_WARN_INFINITE_RECURSION = YES;
				CLANG_WARN_INT_CONVERSION = YES;
				CLANG_WARN_NON_LITERAL_NULL_CONVERSION = YES;
				CLANG_WARN_OBJC_IMPLICIT_RETAIN_SELF = YES;
				CLANG_WARN_OBJC_LITERAL_CONVERSION = YES;
				CLANG_WARN_OBJC_ROOT_CLASS = YES_ERROR;
				CLANG_WARN_QUOTED_INCLUDE_IN_FRAMEWORK_HEADER = YES;
				CLANG_WARN_RANGE_LOOP_ANALYSIS = YES;
				CLANG_WARN_STRICT_PROTOTYPES = YES;
				CLANG_WARN_SUSPICIOUS_MOVE = YES;
				CLANG_WARN_UNGUARDED_AVAILABILITY = YES_AGGRESSIVE;
				CLANG_WARN_UNREACHABLE_CODE = YES;
				CLANG_WARN__DUPLICATE_METHOD_MATCH = YES;
				COPY_PHASE_STRIP = NO;
				DEBUG_INFORMATION_FORMAT = dwarf;
				ENABLE_STRICT_OBJC_MSGSEND = YES;
				ENABLE_TESTABILITY = YES;
				GCC_C_LANGUAGE_STANDARD = gnu11;
				GCC_DYNAMIC_NO_PIC = NO;
				GCC_NO_COMMON_BLOCKS = YES;
				GCC_OPTIMIZATION_LEVEL = 0;
				GCC_PREPROCESSOR_DEFINITIONS = (
					"DEBUG=1",
					"$(inherited)",
				);
				GCC_WARN_64_TO_32_BIT_CONVERSION = YES;
				GCC_WARN_ABOUT_RETURN_TYPE = YES_ERROR;
				GCC_WARN_UNDECLARED_SELECTOR = YES;
				GCC_WARN_UNINITIALIZED_AUTOS = YES_AGGRESSIVE;
				GCC_WARN_UNUSED_FUNCTION = YES;
				GCC_WARN_UNUSED_VARIABLE = YES;
				IPHONEOS_DEPLOYMENT_TARGET = 16.2;
				MTL_ENABLE_DEBUG_INFO = INCLUDE_SOURCE;
				MTL_FAST_MATH = YES;
				ONLY_ACTIVE_ARCH = YES;
				SDKROOT = iphoneos;
				SWIFT_ACTIVE_COMPILATION_CONDITIONS = DEBUG;
				SWIFT_OPTIMIZATION_LEVEL = "-Onone";
			};
			name = Debug;
		};
		21C35568298A4DBD00DFEA86 /* Release */ = {
			isa = XCBuildConfiguration;
			buildSettings = {
				ALWAYS_SEARCH_USER_PATHS = NO;
				CLANG_ANALYZER_NONNULL = YES;
				CLANG_ANALYZER_NUMBER_OBJECT_CONVERSION = YES_AGGRESSIVE;
				CLANG_CXX_LANGUAGE_STANDARD = "gnu++20";
				CLANG_ENABLE_MODULES = YES;
				CLANG_ENABLE_OBJC_ARC = YES;
				CLANG_ENABLE_OBJC_WEAK = YES;
				CLANG_WARN_BLOCK_CAPTURE_AUTORELEASING = YES;
				CLANG_WARN_BOOL_CONVERSION = YES;
				CLANG_WARN_COMMA = YES;
				CLANG_WARN_CONSTANT_CONVERSION = YES;
				CLANG_WARN_DEPRECATED_OBJC_IMPLEMENTATIONS = YES;
				CLANG_WARN_DIRECT_OBJC_ISA_USAGE = YES_ERROR;
				CLANG_WARN_DOCUMENTATION_COMMENTS = YES;
				CLANG_WARN_EMPTY_BODY = YES;
				CLANG_WARN_ENUM_CONVERSION = YES;
				CLANG_WARN_INFINITE_RECURSION = YES;
				CLANG_WARN_INT_CONVERSION = YES;
				CLANG_WARN_NON_LITERAL_NULL_CONVERSION = YES;
				CLANG_WARN_OBJC_IMPLICIT_RETAIN_SELF = YES;
				CLANG_WARN_OBJC_LITERAL_CONVERSION = YES;
				CLANG_WARN_OBJC_ROOT_CLASS = YES_ERROR;
				CLANG_WARN_QUOTED_INCLUDE_IN_FRAMEWORK_HEADER = YES;
				CLANG_WARN_RANGE_LOOP_ANALYSIS = YES;
				CLANG_WARN_STRICT_PROTOTYPES = YES;
				CLANG_WARN_SUSPICIOUS_MOVE = YES;
				CLANG_WARN_UNGUARDED_AVAILABILITY = YES_AGGRESSIVE;
				CLANG_WARN_UNREACHABLE_CODE = YES;
				CLANG_WARN__DUPLICATE_METHOD_MATCH = YES;
				COPY_PHASE_STRIP = NO;
				DEBUG_INFORMATION_FORMAT = "dwarf-with-dsym";
				ENABLE_NS_ASSERTIONS = NO;
				ENABLE_STRICT_OBJC_MSGSEND = YES;
				GCC_C_LANGUAGE_STANDARD = gnu11;
				GCC_NO_COMMON_BLOCKS = YES;
				GCC_WARN_64_TO_32_BIT_CONVERSION = YES;
				GCC_WARN_ABOUT_RETURN_TYPE = YES_ERROR;
				GCC_WARN_UNDECLARED_SELECTOR = YES;
				GCC_WARN_UNINITIALIZED_AUTOS = YES_AGGRESSIVE;
				GCC_WARN_UNUSED_FUNCTION = YES;
				GCC_WARN_UNUSED_VARIABLE = YES;
				IPHONEOS_DEPLOYMENT_TARGET = 16.2;
				MTL_ENABLE_DEBUG_INFO = NO;
				MTL_FAST_MATH = YES;
				SDKROOT = iphoneos;
				SWIFT_COMPILATION_MODE = wholemodule;
				SWIFT_OPTIMIZATION_LEVEL = "-O";
				VALIDATE_PRODUCT = YES;
			};
			name = Release;
		};
		21C3556A298A4DBD00DFEA86 /* Debug */ = {
			isa = XCBuildConfiguration;
			buildSettings = {
				ASSETCATALOG_COMPILER_APPICON_NAME = AppIcon;
				ASSETCATALOG_COMPILER_GLOBAL_ACCENT_COLOR_NAME = AccentColor;
				CODE_SIGN_STYLE = Automatic;
				CURRENT_PROJECT_VERSION = 1;
				DEVELOPMENT_ASSET_PATHS = "\"SwiftUI_First_Project/Preview Content\"";
				ENABLE_PREVIEWS = YES;
				GENERATE_INFOPLIST_FILE = YES;
				INFOPLIST_KEY_UIApplicationSceneManifest_Generation = YES;
				INFOPLIST_KEY_UIApplicationSupportsIndirectInputEvents = YES;
				INFOPLIST_KEY_UILaunchScreen_Generation = YES;
				INFOPLIST_KEY_UISupportedInterfaceOrientations_iPad = "UIInterfaceOrientationPortrait UIInterfaceOrientationPortraitUpsideDown UIInterfaceOrientationLandscapeLeft UIInterfaceOrientationLandscapeRight";
				INFOPLIST_KEY_UISupportedInterfaceOrientations_iPhone = "UIInterfaceOrientationPortrait UIInterfaceOrientationLandscapeLeft UIInterfaceOrientationLandscapeRight";
				LD_RUNPATH_SEARCH_PATHS = (
					"$(inherited)",
					"@executable_path/Frameworks",
				);
				MARKETING_VERSION = 1.0;
				PRODUCT_BUNDLE_IDENTIFIER = "com.murad.www.SwiftUI-First-Project";
				PRODUCT_NAME = "$(TARGET_NAME)";
				SWIFT_EMIT_LOC_STRINGS = YES;
				SWIFT_VERSION = 5.0;
				TARGETED_DEVICE_FAMILY = "1,2";
			};
			name = Debug;
		};
		21C3556B298A4DBD00DFEA86 /* Release */ = {
			isa = XCBuildConfiguration;
			buildSettings = {
				ASSETCATALOG_COMPILER_APPICON_NAME = AppIcon;
				ASSETCATALOG_COMPILER_GLOBAL_ACCENT_COLOR_NAME = AccentColor;
				CODE_SIGN_STYLE = Automatic;
				CURRENT_PROJECT_VERSION = 1;
				DEVELOPMENT_ASSET_PATHS = "\"SwiftUI_First_Project/Preview Content\"";
				ENABLE_PREVIEWS = YES;
				GENERATE_INFOPLIST_FILE = YES;
				INFOPLIST_KEY_UIApplicationSceneManifest_Generation = YES;
				INFOPLIST_KEY_UIApplicationSupportsIndirectInputEvents = YES;
				INFOPLIST_KEY_UILaunchScreen_Generation = YES;
				INFOPLIST_KEY_UISupportedInterfaceOrientations_iPad = "UIInterfaceOrientationPortrait UIInterfaceOrientationPortraitUpsideDown UIInterfaceOrientationLandscapeLeft UIInterfaceOrientationLandscapeRight";
				INFOPLIST_KEY_UISupportedInterfaceOrientations_iPhone = "UIInterfaceOrientationPortrait UIInterfaceOrientationLandscapeLeft UIInterfaceOrientationLandscapeRight";
				LD_RUNPATH_SEARCH_PATHS = (
					"$(inherited)",
					"@executable_path/Frameworks",
				);
				MARKETING_VERSION = 1.0;
				PRODUCT_BUNDLE_IDENTIFIER = "com.murad.www.SwiftUI-First-Project";
				PRODUCT_NAME = "$(TARGET_NAME)";
				SWIFT_EMIT_LOC_STRINGS = YES;
				SWIFT_VERSION = 5.0;
				TARGETED_DEVICE_FAMILY = "1,2";
			};
			name = Release;
		};
		21C3556D298A4DBD00DFEA86 /* Debug */ = {
			isa = XCBuildConfiguration;
			buildSettings = {
				ALWAYS_EMBED_SWIFT_STANDARD_LIBRARIES = YES;
				BUNDLE_LOADER = "$(TEST_HOST)";
				CODE_SIGN_STYLE = Automatic;
				CURRENT_PROJECT_VERSION = 1;
				GENERATE_INFOPLIST_FILE = YES;
				IPHONEOS_DEPLOYMENT_TARGET = 16.2;
				MARKETING_VERSION = 1.0;
				PRODUCT_BUNDLE_IDENTIFIER = "com.murad.www.SwiftUI-First-ProjectTests";
				PRODUCT_NAME = "$(TARGET_NAME)";
				SWIFT_EMIT_LOC_STRINGS = NO;
				SWIFT_VERSION = 5.0;
				TARGETED_DEVICE_FAMILY = "1,2";
				TEST_HOST = "$(BUILT_PRODUCTS_DIR)/SwiftUI_First_Project.app/$(BUNDLE_EXECUTABLE_FOLDER_PATH)/SwiftUI_First_Project";
			};
			name = Debug;
		};
		21C3556E298A4DBD00DFEA86 /* Release */ = {
			isa = XCBuildConfiguration;
			buildSettings = {
				ALWAYS_EMBED_SWIFT_STANDARD_LIBRARIES = YES;
				BUNDLE_LOADER = "$(TEST_HOST)";
				CODE_SIGN_STYLE = Automatic;
				CURRENT_PROJECT_VERSION = 1;
				GENERATE_INFOPLIST_FILE = YES;
				IPHONEOS_DEPLOYMENT_TARGET = 16.2;
				MARKETING_VERSION = 1.0;
				PRODUCT_BUNDLE_IDENTIFIER = "com.murad.www.SwiftUI-First-ProjectTests";
				PRODUCT_NAME = "$(TARGET_NAME)";
				SWIFT_EMIT_LOC_STRINGS = NO;
				SWIFT_VERSION = 5.0;
				TARGETED_DEVICE_FAMILY = "1,2";
				TEST_HOST = "$(BUILT_PRODUCTS_DIR)/SwiftUI_First_Project.app/$(BUNDLE_EXECUTABLE_FOLDER_PATH)/SwiftUI_First_Project";
			};
			name = Release;
		};
		21C35570298A4DBD00DFEA86 /* Debug */ = {
			isa = XCBuildConfiguration;
			buildSettings = {
				ALWAYS_EMBED_SWIFT_STANDARD_LIBRARIES = YES;
				CODE_SIGN_STYLE = Automatic;
				CURRENT_PROJECT_VERSION = 1;
				GENERATE_INFOPLIST_FILE = YES;
				MARKETING_VERSION = 1.0;
				PRODUCT_BUNDLE_IDENTIFIER = "com.murad.www.SwiftUI-First-ProjectUITests";
				PRODUCT_NAME = "$(TARGET_NAME)";
				SWIFT_EMIT_LOC_STRINGS = NO;
				SWIFT_VERSION = 5.0;
				TARGETED_DEVICE_FAMILY = "1,2";
				TEST_TARGET_NAME = SwiftUI_First_Project;
			};
			name = Debug;
		};
		21C35571298A4DBD00DFEA86 /* Release */ = {
			isa = XCBuildConfiguration;
			buildSettings = {
				ALWAYS_EMBED_SWIFT_STANDARD_LIBRARIES = YES;
				CODE_SIGN_STYLE = Automatic;
				CURRENT_PROJECT_VERSION = 1;
				GENERATE_INFOPLIST_FILE = YES;
				MARKETING_VERSION = 1.0;
				PRODUCT_BUNDLE_IDENTIFIER = "com.murad.www.SwiftUI-First-ProjectUITests";
				PRODUCT_NAME = "$(TARGET_NAME)";
				SWIFT_EMIT_LOC_STRINGS = NO;
				SWIFT_VERSION = 5.0;
				TARGETED_DEVICE_FAMILY = "1,2";
				TEST_TARGET_NAME = SwiftUI_First_Project;
			};
			name = Release;
		};
/* End XCBuildConfiguration section */

/* Begin XCConfigurationList section */
		21C35540298A4DBB00DFEA86 /* Build configuration list for PBXProject "SwiftUI_First_Project" */ = {
			isa = XCConfigurationList;
			buildConfigurations = (
				21C35567298A4DBD00DFEA86 /* Debug */,
				21C35568298A4DBD00DFEA86 /* Release */,
			);
			defaultConfigurationIsVisible = 0;
			defaultConfigurationName = Release;
		};
		21C35569298A4DBD00DFEA86 /* Build configuration list for PBXNativeTarget "SwiftUI_First_Project" */ = {
			isa = XCConfigurationList;
			buildConfigurations = (
				21C3556A298A4DBD00DFEA86 /* Debug */,
				21C3556B298A4DBD00DFEA86 /* Release */,
			);
			defaultConfigurationIsVisible = 0;
			defaultConfigurationName = Release;
		};
		21C3556C298A4DBD00DFEA86 /* Build configuration list for PBXNativeTarget "SwiftUI_First_ProjectTests" */ = {
			isa = XCConfigurationList;
			buildConfigurations = (
				21C3556D298A4DBD00DFEA86 /* Debug */,
				21C3556E298A4DBD00DFEA86 /* Release */,
			);
			defaultConfigurationIsVisible = 0;
			defaultConfigurationName = Release;
		};
		21C3556F298A4DBD00DFEA86 /* Build configuration list for PBXNativeTarget "SwiftUI_First_ProjectUITests" */ = {
			isa = XCConfigurationList;
			buildConfigurations = (
				21C35570298A4DBD00DFEA86 /* Debug */,
				21C35571298A4DBD00DFEA86 /* Release */,
			);
			defaultConfigurationIsVisible = 0;
			defaultConfigurationName = Release;
		};
/* End XCConfigurationList section */
	};
	rootObject = 21C3553D298A4DBB00DFEA86 /* Project object */;
}
